
Microsoft Visual Studio Solution File, Format Version 12.00
# Visual Studio Version 16
VisualStudioVersion = 16.0.30011.22
MinimumVisualStudioVersion = 10.0.40219.1
Project("{FAE04EC0-301F-11D3-BF4B-00C04F79EFBC}") = "Shift.Web", "Shift.Web\Shift.Web.csproj", "{4629232C-094B-4764-A3DA-55FBF6146849}"
EndProject
Project("{FAE04EC0-301F-11D3-BF4B-00C04F79EFBC}") = "Shift.DAL", "Shift.DAL\Shift.DAL.csproj", "{9835C693-EBE1-4194-9712-1FDB6B1D82CD}"
EndProject
Project("{FAE04EC0-301F-11D3-BF4B-00C04F79EFBC}") = "Shift.Services", "Shift.Services\Shift.Services.csproj", "{C9EA20FD-6F84-418E-9515-2903ADDE4366}"
EndProject
Project("{FAE04EC0-301F-11D3-BF4B-00C04F79EFBC}") = "Shift.DAL.Tests", "Shift.DAL.Tests\Shift.DAL.Tests.csproj", "{9F60C72E-7CA5-4D49-B902-75B88A8EA50F}"
EndProject
Global
	GlobalSection(SolutionConfigurationPlatforms) = preSolution
		Debug|Any CPU = Debug|Any CPU
		Release|Any CPU = Release|Any CPU
	EndGlobalSection
	GlobalSection(ProjectConfigurationPlatforms) = postSolution
		{4629232C-094B-4764-A3DA-55FBF6146849}.Debug|Any CPU.ActiveCfg = Debug|Any CPU
		{4629232C-094B-4764-A3DA-55FBF6146849}.Debug|Any CPU.Build.0 = Debug|Any CPU
		{4629232C-094B-4764-A3DA-55FBF6146849}.Release|Any CPU.ActiveCfg = Release|Any CPU
		{4629232C-094B-4764-A3DA-55FBF6146849}.Release|Any CPU.Build.0 = Release|Any CPU
		{9835C693-EBE1-4194-9712-1FDB6B1D82CD}.Debug|Any CPU.ActiveCfg = Debug|Any CPU
		{9835C693-EBE1-4194-9712-1FDB6B1D82CD}.Debug|Any CPU.Build.0 = Debug|Any CPU
		{9835C693-EBE1-4194-9712-1FDB6B1D82CD}.Release|Any CPU.ActiveCfg = Release|Any CPU
		{9835C693-EBE1-4194-9712-1FDB6B1D82CD}.Release|Any CPU.Build.0 = Release|Any CPU
		{C9EA20FD-6F84-418E-9515-2903ADDE4366}.Debug|Any CPU.ActiveCfg = Debug|Any CPU
		{C9EA20FD-6F84-418E-9515-2903ADDE4366}.Debug|Any CPU.Build.0 = Debug|Any CPU
		{C9EA20FD-6F84-418E-9515-2903ADDE4366}.Release|Any CPU.ActiveCfg = Release|Any CPU
		{C9EA20FD-6F84-418E-9515-2903ADDE4366}.Release|Any CPU.Build.0 = Release|Any CPU
		{9F60C72E-7CA5-4D49-B902-75B88A8EA50F}.Debug|Any CPU.ActiveCfg = Debug|Any CPU
		{9F60C72E-7CA5-4D49-B902-75B88A8EA50F}.Debug|Any CPU.Build.0 = Debug|Any CPU
		{9F60C72E-7CA5-4D49-B902-75B88A8EA50F}.Release|Any CPU.ActiveCfg = Release|Any CPU
		{9F60C72E-7CA5-4D49-B902-75B88A8EA50F}.Release|Any CPU.Build.0 = Release|Any CPU
	EndGlobalSection
	GlobalSection(SolutionProperties) = preSolution
		HideSolutionNode = FALSE
	EndGlobalSection
	GlobalSection(ExtensibilityGlobals) = postSolution
		SolutionGuid = {76968682-71E4-4A0D-A1C0-56E4BAF8FF66}
	EndGlobalSection
EndGlobal
